Microsoft Visual Studio Solution File, Format Version 11.00
# Visual Studio 2008

Project("{74B610EC-99CF-6F02-B2F2-D6D08A589908}") = "Demo Level Ver 1.003", "Assembly-CSharp-firstpass-vs.csproj", "{3A613A4B-D082-5122-E891-EEF8FC0745A1}"
EndProject
Project("{74B610EC-99CF-6F02-B2F2-D6D08A589908}") = "Demo Level Ver 1.003", "Assembly-CSharp-vs.csproj", "{E747FF55-31C8-9466-4731-BEF117CD8E1D}"
EndProject
Global
	GlobalSection(SolutionConfigurationPlatforms) = preSolution
		Debug|Any CPU = Debug|Any CPU
		Release|Any CPU = Release|Any CPU
	EndGlobalSection
	GlobalSection(ProjectConfigurationPlatforms) = postSolution
		{3A613A4B-D082-5122-E891-EEF8FC0745A1}.Debug|Any CPU.ActiveCfg = Debug|Any CPU
		{3A613A4B-D082-5122-E891-EEF8FC0745A1}.Debug|Any CPU.Build.0 = Debug|Any CPU
		{3A613A4B-D082-5122-E891-EEF8FC0745A1}.Release|Any CPU.ActiveCfg = Release|Any CPU
		{3A613A4B-D082-5122-E891-EEF8FC0745A1}.Release|Any CPU.Build.0 = Release|Any CPU
		{E747FF55-31C8-9466-4731-BEF117CD8E1D}.Debug|Any CPU.ActiveCfg = Debug|Any CPU
		{E747FF55-31C8-9466-4731-BEF117CD8E1D}.Debug|Any CPU.Build.0 = Debug|Any CPU
		{E747FF55-31C8-9466-4731-BEF117CD8E1D}.Release|Any CPU.ActiveCfg = Release|Any CPU
		{E747FF55-31C8-9466-4731-BEF117CD8E1D}.Release|Any CPU.Build.0 = Release|Any CPU
	EndGlobalSection
	GlobalSection(SolutionProperties) = preSolution
		HideSolutionNode = FALSE
	EndGlobalSection
																																																														GlobalSection(MonoDevelopProperties) = preSolution
		StartupItem = Assembly-CSharp.csproj
		Policies = $0
		$0.TextStylePolicy = $1
		$1.inheritsSet = null
		$1.scope = text/x-csharp
		$0.CSharpFormattingPolicy = $2
		$2.inheritsSet = Mono
		$2.inheritsScope = text/x-csharp
		$2.scope = text/x-csharp
		$0.TextStylePolicy = $3
		$3.FileWidth = 120
		$3.TabWidth = 4
		$3.EolMarker = Unix
		$3.inheritsSet = Mono
		$3.inheritsScope = text/plain
		$3.scope = text/plain
	EndGlobalSection

EndGlobal
